
Microsoft Visual Studio Solution File, Format Version 12.00
# Visual Studio Version 16
VisualStudioVersion = 16.0.30413.136
MinimumVisualStudioVersion = 10.0.40219.1
Project("{9A19103F-16F7-4668-BE54-9A1E7A4F7556}") = "BlazorInMVC", "BlazorInMVC\BlazorInMVC.csproj", "{C3BC5EDA-D03E-4995-AF65-6B3A058EAF12}"
EndProject
Global
	GlobalSection(SolutionConfigurationPlatforms) = preSolution
		Debug|Any CPU = Debug|Any CPU
		Release|Any CPU = Release|Any CPU
	EndGlobalSection
	GlobalSection(ProjectConfigurationPlatforms) = postSolution
		{C3BC5EDA-D03E-4995-AF65-6B3A058EAF12}.Debug|Any CPU.ActiveCfg = Debug|Any CPU
		{C3BC5EDA-D03E-4995-AF65-6B3A058EAF12}.Debug|Any CPU.Build.0 = Debug|Any CPU
		{C3BC5EDA-D03E-4995-AF65-6B3A058EAF12}.Release|Any CPU.ActiveCfg = Release|Any CPU
		{C3BC5EDA-D03E-4995-AF65-6B3A058EAF12}.Release|Any CPU.Build.0 = Release|Any CPU
	EndGlobalSection
	GlobalSection(SolutionProperties) = preSolution
		HideSolutionNode = FALSE
	EndGlobalSection
	GlobalSection(ExtensibilityGlobals) = postSolution
		SolutionGuid = {E2C21FE3-23DB-467E-AB61-BC42EF770A0C}
	EndGlobalSection
EndGlobal
